
Microsoft Visual Studio Solution File, Format Version 12.00
# Visual Studio Version 16
VisualStudioVersion = 16.0.28922.388
MinimumVisualStudioVersion = 10.0.40219.1
Project("{9A19103F-16F7-4668-BE54-9A1E7A4F7556}") = "Dal", "Dal\Dal.csproj", "{158BDB23-4959-42B8-8AC5-7A2BDDD31160}"
EndProject
Project("{9A19103F-16F7-4668-BE54-9A1E7A4F7556}") = "Manager", "Manager\Manager.csproj", "{809995C4-6542-43A5-9670-FEF3DE2CBE4D}"
EndProject
Project("{9A19103F-16F7-4668-BE54-9A1E7A4F7556}") = "Infrastructure", "Infrastructure\Infrastructure.csproj", "{CFB37572-790A-41E8-A3CD-DCDE86EB23D9}"
EndProject
Project("{9A19103F-16F7-4668-BE54-9A1E7A4F7556}") = "IdentityApi", "LPApi\IdentityApi.csproj", "{CAFAD491-7F6E-427D-AB7F-F331D5A2FC17}"
EndProject
Project("{2150E333-8FDC-42A3-9474-1A3956D46DE8}") = "Connector", "Connector", "{093A1DEA-AE20-4A19-8C95-61E3300BE268}"
EndProject
Project("{9A19103F-16F7-4668-BE54-9A1E7A4F7556}") = "ConnectorS3", "Connector\ConnectorS3\ConnectorS3.csproj", "{C9E40421-A4D4-41F4-AC52-A3B8D0D1A71D}"
EndProject
Project("{9A19103F-16F7-4668-BE54-9A1E7A4F7556}") = "Service", "Service\Service.csproj", "{17EF55D6-DF73-4660-BAAE-8996153A26FE}"
EndProject
Project("{9A19103F-16F7-4668-BE54-9A1E7A4F7556}") = "Tools", "Tools\Tools.csproj", "{6E2F5755-7C33-4D5F-9B57-17D113FA4D62}"
EndProject
Project("{9A19103F-16F7-4668-BE54-9A1E7A4F7556}") = "GoogleClient", "GoogleClient\GoogleClient.csproj", "{643B63B3-A701-4F92-B894-118F70508951}"
EndProject
Project("{2150E333-8FDC-42A3-9474-1A3956D46DE8}") = "Migrations", "Migrations", "{D8EB34DC-A9A1-4494-8CAB-D739435CD945}"
EndProject
Project("{9A19103F-16F7-4668-BE54-9A1E7A4F7556}") = "MigrationRunner", "Migrations\MigrationRunner\MigrationRunner.csproj", "{96E6696E-52F5-437F-AEEE-F3D8B9DAB75D}"
EndProject
Global
	GlobalSection(SolutionConfigurationPlatforms) = preSolution
		Debug|Any CPU = Debug|Any CPU
		Release|Any CPU = Release|Any CPU
		Stage|Any CPU = Stage|Any CPU
	EndGlobalSection
	GlobalSection(ProjectConfigurationPlatforms) = postSolution
		{158BDB23-4959-42B8-8AC5-7A2BDDD31160}.Debug|Any CPU.ActiveCfg = Debug|Any CPU
		{158BDB23-4959-42B8-8AC5-7A2BDDD31160}.Debug|Any CPU.Build.0 = Debug|Any CPU
		{158BDB23-4959-42B8-8AC5-7A2BDDD31160}.Release|Any CPU.ActiveCfg = Release|Any CPU
		{158BDB23-4959-42B8-8AC5-7A2BDDD31160}.Release|Any CPU.Build.0 = Release|Any CPU
		{158BDB23-4959-42B8-8AC5-7A2BDDD31160}.Stage|Any CPU.ActiveCfg = Stage|Any CPU
		{158BDB23-4959-42B8-8AC5-7A2BDDD31160}.Stage|Any CPU.Build.0 = Stage|Any CPU
		{809995C4-6542-43A5-9670-FEF3DE2CBE4D}.Debug|Any CPU.ActiveCfg = Debug|Any CPU
		{809995C4-6542-43A5-9670-FEF3DE2CBE4D}.Debug|Any CPU.Build.0 = Debug|Any CPU
		{809995C4-6542-43A5-9670-FEF3DE2CBE4D}.Release|Any CPU.ActiveCfg = Release|Any CPU
		{809995C4-6542-43A5-9670-FEF3DE2CBE4D}.Release|Any CPU.Build.0 = Release|Any CPU
		{809995C4-6542-43A5-9670-FEF3DE2CBE4D}.Stage|Any CPU.ActiveCfg = Stage|Any CPU
		{809995C4-6542-43A5-9670-FEF3DE2CBE4D}.Stage|Any CPU.Build.0 = Stage|Any CPU
		{CFB37572-790A-41E8-A3CD-DCDE86EB23D9}.Debug|Any CPU.ActiveCfg = Debug|Any CPU
		{CFB37572-790A-41E8-A3CD-DCDE86EB23D9}.Debug|Any CPU.Build.0 = Debug|Any CPU
		{CFB37572-790A-41E8-A3CD-DCDE86EB23D9}.Release|Any CPU.ActiveCfg = Release|Any CPU
		{CFB37572-790A-41E8-A3CD-DCDE86EB23D9}.Release|Any CPU.Build.0 = Release|Any CPU
		{CFB37572-790A-41E8-A3CD-DCDE86EB23D9}.Stage|Any CPU.ActiveCfg = Stage|Any CPU
		{CFB37572-790A-41E8-A3CD-DCDE86EB23D9}.Stage|Any CPU.Build.0 = Stage|Any CPU
		{CAFAD491-7F6E-427D-AB7F-F331D5A2FC17}.Debug|Any CPU.ActiveCfg = Debug|Any CPU
		{CAFAD491-7F6E-427D-AB7F-F331D5A2FC17}.Debug|Any CPU.Build.0 = Debug|Any CPU
		{CAFAD491-7F6E-427D-AB7F-F331D5A2FC17}.Release|Any CPU.ActiveCfg = Release|Any CPU
		{CAFAD491-7F6E-427D-AB7F-F331D5A2FC17}.Release|Any CPU.Build.0 = Release|Any CPU
		{CAFAD491-7F6E-427D-AB7F-F331D5A2FC17}.Stage|Any CPU.ActiveCfg = Stage|Any CPU
		{CAFAD491-7F6E-427D-AB7F-F331D5A2FC17}.Stage|Any CPU.Build.0 = Stage|Any CPU
		{C9E40421-A4D4-41F4-AC52-A3B8D0D1A71D}.Debug|Any CPU.ActiveCfg = Debug|Any CPU
		{C9E40421-A4D4-41F4-AC52-A3B8D0D1A71D}.Debug|Any CPU.Build.0 = Debug|Any CPU
		{C9E40421-A4D4-41F4-AC52-A3B8D0D1A71D}.Release|Any CPU.ActiveCfg = Release|Any CPU
		{C9E40421-A4D4-41F4-AC52-A3B8D0D1A71D}.Release|Any CPU.Build.0 = Release|Any CPU
		{C9E40421-A4D4-41F4-AC52-A3B8D0D1A71D}.Stage|Any CPU.ActiveCfg = Release|Any CPU
		{C9E40421-A4D4-41F4-AC52-A3B8D0D1A71D}.Stage|Any CPU.Build.0 = Release|Any CPU
		{17EF55D6-DF73-4660-BAAE-8996153A26FE}.Debug|Any CPU.ActiveCfg = Debug|Any CPU
		{17EF55D6-DF73-4660-BAAE-8996153A26FE}.Debug|Any CPU.Build.0 = Debug|Any CPU
		{17EF55D6-DF73-4660-BAAE-8996153A26FE}.Release|Any CPU.ActiveCfg = Release|Any CPU
		{17EF55D6-DF73-4660-BAAE-8996153A26FE}.Release|Any CPU.Build.0 = Release|Any CPU
		{17EF55D6-DF73-4660-BAAE-8996153A26FE}.Stage|Any CPU.ActiveCfg = Release|Any CPU
		{17EF55D6-DF73-4660-BAAE-8996153A26FE}.Stage|Any CPU.Build.0 = Release|Any CPU
		{6E2F5755-7C33-4D5F-9B57-17D113FA4D62}.Debug|Any CPU.ActiveCfg = Debug|Any CPU
		{6E2F5755-7C33-4D5F-9B57-17D113FA4D62}.Debug|Any CPU.Build.0 = Debug|Any CPU
		{6E2F5755-7C33-4D5F-9B57-17D113FA4D62}.Release|Any CPU.ActiveCfg = Release|Any CPU
		{6E2F5755-7C33-4D5F-9B57-17D113FA4D62}.Release|Any CPU.Build.0 = Release|Any CPU
		{6E2F5755-7C33-4D5F-9B57-17D113FA4D62}.Stage|Any CPU.ActiveCfg = Release|Any CPU
		{6E2F5755-7C33-4D5F-9B57-17D113FA4D62}.Stage|Any CPU.Build.0 = Release|Any CPU
		{643B63B3-A701-4F92-B894-118F70508951}.Debug|Any CPU.ActiveCfg = Debug|Any CPU
		{643B63B3-A701-4F92-B894-118F70508951}.Debug|Any CPU.Build.0 = Debug|Any CPU
		{643B63B3-A701-4F92-B894-118F70508951}.Release|Any CPU.ActiveCfg = Release|Any CPU
		{643B63B3-A701-4F92-B894-118F70508951}.Release|Any CPU.Build.0 = Release|Any CPU
		{643B63B3-A701-4F92-B894-118F70508951}.Stage|Any CPU.ActiveCfg = Release|Any CPU
		{643B63B3-A701-4F92-B894-118F70508951}.Stage|Any CPU.Build.0 = Release|Any CPU
		{96E6696E-52F5-437F-AEEE-F3D8B9DAB75D}.Debug|Any CPU.ActiveCfg = Debug|Any CPU
		{96E6696E-52F5-437F-AEEE-F3D8B9DAB75D}.Debug|Any CPU.Build.0 = Debug|Any CPU
		{96E6696E-52F5-437F-AEEE-F3D8B9DAB75D}.Release|Any CPU.ActiveCfg = Release|Any CPU
		{96E6696E-52F5-437F-AEEE-F3D8B9DAB75D}.Release|Any CPU.Build.0 = Release|Any CPU
		{96E6696E-52F5-437F-AEEE-F3D8B9DAB75D}.Stage|Any CPU.ActiveCfg = Release|Any CPU
		{96E6696E-52F5-437F-AEEE-F3D8B9DAB75D}.Stage|Any CPU.Build.0 = Release|Any CPU
	EndGlobalSection
	GlobalSection(SolutionProperties) = preSolution
		HideSolutionNode = FALSE
	EndGlobalSection
	GlobalSection(NestedProjects) = preSolution
		{C9E40421-A4D4-41F4-AC52-A3B8D0D1A71D} = {093A1DEA-AE20-4A19-8C95-61E3300BE268}
		{643B63B3-A701-4F92-B894-118F70508951} = {093A1DEA-AE20-4A19-8C95-61E3300BE268}
		{96E6696E-52F5-437F-AEEE-F3D8B9DAB75D} = {D8EB34DC-A9A1-4494-8CAB-D739435CD945}
	EndGlobalSection
	GlobalSection(ExtensibilityGlobals) = postSolution
		SolutionGuid = {3BE7B5F6-D619-43C7-A3B5-2EA55AD348EE}
	EndGlobalSection
EndGlobal
